
Microsoft Visual Studio Solution File, Format Version 12.00
# Visual Studio Version 17
VisualStudioVersion = 17.8.34511.84
MinimumVisualStudioVersion = 10.0.40219.1
Project("{FAE04EC0-301F-11D3-BF4B-00C04F79EFBC}") = "API Filme", "API Filme\API Filme.csproj", "{F49D4713-F93C-452B-8D2F-30F9C63F1749}"
EndProject
Global
	GlobalSection(SolutionConfigurationPlatforms) = preSolution
		Debug|Any CPU = Debug|Any CPU
		Release|Any CPU = Release|Any CPU
	EndGlobalSection
	GlobalSection(ProjectConfigurationPlatforms) = postSolution
		{F49D4713-F93C-452B-8D2F-30F9C63F1749}.Debug|Any CPU.ActiveCfg = Debug|Any CPU
		{F49D4713-F93C-452B-8D2F-30F9C63F1749}.Debug|Any CPU.Build.0 = Debug|Any CPU
		{F49D4713-F93C-452B-8D2F-30F9C63F1749}.Release|Any CPU.ActiveCfg = Release|Any CPU
		{F49D4713-F93C-452B-8D2F-30F9C63F1749}.Release|Any CPU.Build.0 = Release|Any CPU
	EndGlobalSection
	GlobalSection(SolutionProperties) = preSolution
		HideSolutionNode = FALSE
	EndGlobalSection
	GlobalSection(ExtensibilityGlobals) = postSolution
		SolutionGuid = {D1991D35-86BE-440B-9FA7-ECFA0B6B81D8}
	EndGlobalSection
EndGlobal
